
Microsoft Visual Studio Solution File, Format Version 12.00
# Visual Studio 14
VisualStudioVersion = 14.0.23107.0
MinimumVisualStudioVersion = 10.0.40219.1
Project("{FAE04EC0-301F-11D3-BF4B-00C04F79EFBC}") = "ITI.JsonParser", "..\ITI.JsonParser\ITI.JsonParser.csproj", "{7CB33DDB-34BA-4A63-84A7-9FA411A62625}"
EndProject
Project("{FAE04EC0-301F-11D3-BF4B-00C04F79EFBC}") = "ITI.JsonParser.Tests", "..\ITI.JsonParser.Tests\ITI.JsonParser.Tests.csproj", "{2560837E-97BA-464A-BDF8-3771F41E6B79}"
	ProjectSection(ProjectDependencies) = postProject
		{B7308EE2-6441-4EA5-B7D9-F6BD55DC6900} = {B7308EE2-6441-4EA5-B7D9-F6BD55DC6900}
	EndProjectSection
EndProject
Project("{FAE04EC0-301F-11D3-BF4B-00C04F79EFBC}") = "ITI.JsonParser.Correction", "ITI.JsonParser.Correction\ITI.JsonParser.Correction.csproj", "{B7308EE2-6441-4EA5-B7D9-F6BD55DC6900}"
EndProject
Global
	GlobalSection(SolutionConfigurationPlatforms) = preSolution
		Debug|Any CPU = Debug|Any CPU
		Release|Any CPU = Release|Any CPU
	EndGlobalSection
	GlobalSection(ProjectConfigurationPlatforms) = postSolution
		{7CB33DDB-34BA-4A63-84A7-9FA411A62625}.Debug|Any CPU.ActiveCfg = Debug|Any CPU
		{7CB33DDB-34BA-4A63-84A7-9FA411A62625}.Debug|Any CPU.Build.0 = Debug|Any CPU
		{7CB33DDB-34BA-4A63-84A7-9FA411A62625}.Release|Any CPU.ActiveCfg = Release|Any CPU
		{7CB33DDB-34BA-4A63-84A7-9FA411A62625}.Release|Any CPU.Build.0 = Release|Any CPU
		{2560837E-97BA-464A-BDF8-3771F41E6B79}.Debug|Any CPU.ActiveCfg = Debug|Any CPU
		{2560837E-97BA-464A-BDF8-3771F41E6B79}.Debug|Any CPU.Build.0 = Debug|Any CPU
		{2560837E-97BA-464A-BDF8-3771F41E6B79}.Release|Any CPU.ActiveCfg = Release|Any CPU
		{2560837E-97BA-464A-BDF8-3771F41E6B79}.Release|Any CPU.Build.0 = Release|Any CPU
		{B7308EE2-6441-4EA5-B7D9-F6BD55DC6900}.Debug|Any CPU.ActiveCfg = Debug|Any CPU
		{B7308EE2-6441-4EA5-B7D9-F6BD55DC6900}.Debug|Any CPU.Build.0 = Debug|Any CPU
		{B7308EE2-6441-4EA5-B7D9-F6BD55DC6900}.Release|Any CPU.ActiveCfg = Release|Any CPU
		{B7308EE2-6441-4EA5-B7D9-F6BD55DC6900}.Release|Any CPU.Build.0 = Release|Any CPU
	EndGlobalSection
	GlobalSection(SolutionProperties) = preSolution
		HideSolutionNode = FALSE
	EndGlobalSection
EndGlobal
